// !$*UTF8*$!
{
	archiveVersion = 1;
	classes = {
	};
	objectVersion = 46;
	objects = {

/* Begin PBXBuildFile section */
		2D326DF31E92E7D500992FFA /* DuckGalleryTableViewController.swift in Sources */ = {isa = PBXBuildFile; fileRef = 2D326DF21E92E7D500992FFA /* DuckGalleryTableViewController.swift */; };
		2D326DF51E92E88C00992FFA /* DuckPreview.swift in Sources */ = {isa = PBXBuildFile; fileRef = 2D326DF41E92E88C00992FFA /* DuckPreview.swift */; };
		2D5FB00B1EA554730092E706 /* SQLite.framework in Frameworks */ = {isa = PBXBuildFile; fileRef = 2D5FAFFE1EA5543D0092E706 /* SQLite.framework */; };
		2D5FB00C1EA554850092E706 /* SQLite.framework in Frameworks */ = {isa = PBXBuildFile; fileRef = 2D5FAFFE1EA5543D0092E706 /* SQLite.framework */; };
		2D5FB00D1EA554850092E706 /* SQLite.framework in Embed Frameworks */ = {isa = PBXBuildFile; fileRef = 2D5FAFFE1EA5543D0092E706 /* SQLite.framework */; settings = {ATTRIBUTES = (CodeSignOnCopy, RemoveHeadersOnCopy, ); }; };
		2D720AA21E8DCBE900B797A4 /* DuckDatabase.swift in Sources */ = {isa = PBXBuildFile; fileRef = 2D720AA11E8DCBE900B797A4 /* DuckDatabase.swift */; };
		2D720AB41E8DDEAC00B797A4 /* duck.db in Resources */ = {isa = PBXBuildFile; fileRef = 2D720AB31E8DDEAC00B797A4 /* duck.db */; };
		2D720AB61E8DDF0900B797A4 /* duck.db in Resources */ = {isa = PBXBuildFile; fileRef = 2D720AB31E8DDEAC00B797A4 /* duck.db */; };
		2D7E0C041E973A20006C53C0 /* DuckInfo.swift in Sources */ = {isa = PBXBuildFile; fileRef = 2D7E0C031E973A20006C53C0 /* DuckInfo.swift */; };
		2DC655101EA558C700834ED2 /* CreditsViewController.swift in Sources */ = {isa = PBXBuildFile; fileRef = 2DC6550F1EA558C700834ED2 /* CreditsViewController.swift */; };
		2DC655181EA55DDE00834ED2 /* WelcomeScreenViewController.swift in Sources */ = {isa = PBXBuildFile; fileRef = 2DC655171EA55DDE00834ED2 /* WelcomeScreenViewController.swift */; };
		2DD514881E972A2B00843DDA /* DuckCardViewController.swift in Sources */ = {isa = PBXBuildFile; fileRef = 2DD514871E972A2B00843DDA /* DuckCardViewController.swift */; };
		344E17861E9C36D3007E10EB /* TriviaQuestion.swift in Sources */ = {isa = PBXBuildFile; fileRef = 344E17851E9C36D3007E10EB /* TriviaQuestion.swift */; };
		34DDCB531E9EBE62002507D9 /* TriviaScreen1.swift in Sources */ = {isa = PBXBuildFile; fileRef = 34DDCB521E9EBE62002507D9 /* TriviaScreen1.swift */; };
		B2DDBE561E92C2E200C7B0EF /* TriviaStartScreenViewController.swift in Sources */ = {isa = PBXBuildFile; fileRef = B2DDBE551E92C2E200C7B0EF /* TriviaStartScreenViewController.swift */; };
		B812D7F51E5D3DF2002152D7 /* ViewControllerSS.swift in Sources */ = {isa = PBXBuildFile; fileRef = B812D7F41E5D3DF2002152D7 /* ViewControllerSS.swift */; };
		B840E75F1E96E0A700E820D0 /* Leaderboard.swift in Sources */ = {isa = PBXBuildFile; fileRef = B840E75B1E96E0A700E820D0 /* Leaderboard.swift */; };
		B840E7601E96E0A700E820D0 /* Users.swift in Sources */ = {isa = PBXBuildFile; fileRef = B840E75C1E96E0A700E820D0 /* Users.swift */; };
		B840E7611E96E0A700E820D0 /* LeaderboardTableViewCell.swift in Sources */ = {isa = PBXBuildFile; fileRef = B840E75D1E96E0A700E820D0 /* LeaderboardTableViewCell.swift */; };
		B840E7621E96E0A700E820D0 /* LeaderboardTableViewController.swift in Sources */ = {isa = PBXBuildFile; fileRef = B840E75E1E96E0A700E820D0 /* LeaderboardTableViewController.swift */; };
		B840E7781E992EEC00E820D0 /* ContentViewController.swift in Sources */ = {isa = PBXBuildFile; fileRef = B840E7771E992EEC00E820D0 /* ContentViewController.swift */; };
		B840E77A1E992F3A00E820D0 /* MainMenuViewController.swift in Sources */ = {isa = PBXBuildFile; fileRef = B840E7791E992F3A00E820D0 /* MainMenuViewController.swift */; };
		B88B2F3E1E47B64100384A02 /* AppDelegate.swift in Sources */ = {isa = PBXBuildFile; fileRef = B88B2F3D1E47B64100384A02 /* AppDelegate.swift */; };
		B88B2F401E47B64100384A02 /* ViewControllerMain.swift in Sources */ = {isa = PBXBuildFile; fileRef = B88B2F3F1E47B64100384A02 /* ViewControllerMain.swift */; };
		B88B2F431E47B64100384A02 /* Main.storyboard in Resources */ = {isa = PBXBuildFile; fileRef = B88B2F411E47B64100384A02 /* Main.storyboard */; };
		B88B2F451E47B64100384A02 /* Assets.xcassets in Resources */ = {isa = PBXBuildFile; fileRef = B88B2F441E47B64100384A02 /* Assets.xcassets */; };
		B88B2F481E47B64100384A02 /* LaunchScreen.storyboard in Resources */ = {isa = PBXBuildFile; fileRef = B88B2F461E47B64100384A02 /* LaunchScreen.storyboard */; };
		B88B2F531E47B64100384A02 /* Duck_AppTests.swift in Sources */ = {isa = PBXBuildFile; fileRef = B88B2F521E47B64100384A02 /* Duck_AppTests.swift */; };
		B8F61C791E6219FE00699A0E /* DuckButton.swift in Sources */ = {isa = PBXBuildFile; fileRef = B8F61C781E6219FE00699A0E /* DuckButton.swift */; };
		B8F61C7D1E67BB5900699A0E /* DuckCardTableViewCell.swift in Sources */ = {isa = PBXBuildFile; fileRef = B8F61C7C1E67BB5900699A0E /* DuckCardTableViewCell.swift */; };
/* End PBXBuildFile section */

/* Begin PBXContainerItemProxy section */
		2D5FAFFD1EA5543D0092E706 /* PBXContainerItemProxy */ = {
			isa = PBXContainerItemProxy;
			containerPortal = 345CFB811EA023310073DD09 /* SQLite.xcodeproj */;
			proxyType = 2;
			remoteGlobalIDString = EE247AD31C3F04ED00AE3E12;
			remoteInfo = "SQLite iOS";
		};
		2D5FAFFF1EA5543D0092E706 /* PBXContainerItemProxy */ = {
			isa = PBXContainerItemProxy;
			containerPortal = 345CFB811EA023310073DD09 /* SQLite.xcodeproj */;
			proxyType = 2;
			remoteGlobalIDString = EE247ADD1C3F04ED00AE3E12;
			remoteInfo = "SQLiteTests iOS";
		};
		2D5FB0011EA5543D0092E706 /* PBXContainerItemProxy */ = {
			isa = PBXContainerItemProxy;
			containerPortal = 345CFB811EA023310073DD09 /* SQLite.xcodeproj */;
			proxyType = 2;
			remoteGlobalIDString = EE247B3C1C3F3ED000AE3E12;
			remoteInfo = "SQLite Mac";
		};
		2D5FB0031EA5543D0092E706 /* PBXContainerItemProxy */ = {
			isa = PBXContainerItemProxy;
			containerPortal = 345CFB811EA023310073DD09 /* SQLite.xcodeproj */;
			proxyType = 2;
			remoteGlobalIDString = EE247B451C3F3ED000AE3E12;
			remoteInfo = "SQLiteTests Mac";
		};
		2D5FB0051EA5543D0092E706 /* PBXContainerItemProxy */ = {
			isa = PBXContainerItemProxy;
			containerPortal = 345CFB811EA023310073DD09 /* SQLite.xcodeproj */;
			proxyType = 2;
			remoteGlobalIDString = 03A65E5A1C6BB0F50062603F;
			remoteInfo = "SQLite tvOS";
		};
		2D5FB0071EA5543D0092E706 /* PBXContainerItemProxy */ = {
			isa = PBXContainerItemProxy;
			containerPortal = 345CFB811EA023310073DD09 /* SQLite.xcodeproj */;
			proxyType = 2;
			remoteGlobalIDString = 03A65E631C6BB0F60062603F;
			remoteInfo = "SQLiteTests tvOS";
		};
		2D5FB0091EA5543D0092E706 /* PBXContainerItemProxy */ = {
			isa = PBXContainerItemProxy;
			containerPortal = 345CFB811EA023310073DD09 /* SQLite.xcodeproj */;
			proxyType = 2;
			remoteGlobalIDString = A121AC451CA35C79005A31D1;
			remoteInfo = "SQLite watchOS";
		};
		2D5FB00E1EA554850092E706 /* PBXContainerItemProxy */ = {
			isa = PBXContainerItemProxy;
			containerPortal = 345CFB811EA023310073DD09 /* SQLite.xcodeproj */;
			proxyType = 1;
			remoteGlobalIDString = EE247AD21C3F04ED00AE3E12;
			remoteInfo = "SQLite iOS";
		};
		B88B2F4F1E47B64100384A02 /* PBXContainerItemProxy */ = {
			isa = PBXContainerItemProxy;
			containerPortal = B88B2F321E47B64100384A02 /* Project object */;
			proxyType = 1;
			remoteGlobalIDString = B88B2F391E47B64100384A02;
			remoteInfo = "Duck App";
		};
/* End PBXContainerItemProxy section */

/* Begin PBXCopyFilesBuildPhase section */
		2D391A681E89AD0600480DFF /* Embed Frameworks */ = {
			isa = PBXCopyFilesBuildPhase;
			buildActionMask = 2147483647;
			dstPath = "";
			dstSubfolderSpec = 10;
			files = (
				2D5FB00D1EA554850092E706 /* SQLite.framework in Embed Frameworks */,
			);
			name = "Embed Frameworks";
			runOnlyForDeploymentPostprocessing = 0;
		};
/* End PBXCopyFilesBuildPhase section */

/* Begin PBXFileReference section */
		2D326DF21E92E7D500992FFA /* DuckGalleryTableViewController.swift */ = {isa = PBXFileReference; fileEncoding = 4; lastKnownFileType = sourcecode.swift; path = DuckGalleryTableViewController.swift; sourceTree = "<group>"; };
		2D326DF41E92E88C00992FFA /* DuckPreview.swift */ = {isa = PBXFileReference; fileEncoding = 4; lastKnownFileType = sourcecode.swift; path = DuckPreview.swift; sourceTree = "<group>"; };
		2D720AA11E8DCBE900B797A4 /* DuckDatabase.swift */ = {isa = PBXFileReference; fileEncoding = 4; lastKnownFileType = sourcecode.swift; name = DuckDatabase.swift; path = DatabaseBackend/DuckDatabase.swift; sourceTree = "<group>"; };
		2D720AB31E8DDEAC00B797A4 /* duck.db */ = {isa = PBXFileReference; lastKnownFileType = file; name = duck.db; path = "Duck App/Assets.xcassets/Databases/duck.db"; sourceTree = "<group>"; };
		2D7E0C031E973A20006C53C0 /* DuckInfo.swift */ = {isa = PBXFileReference; fileEncoding = 4; lastKnownFileType = sourcecode.swift; path = DuckInfo.swift; sourceTree = "<group>"; };
		2DC6550F1EA558C700834ED2 /* CreditsViewController.swift */ = {isa = PBXFileReference; fileEncoding = 4; lastKnownFileType = sourcecode.swift; path = CreditsViewController.swift; sourceTree = "<group>"; };
		2DC655171EA55DDE00834ED2 /* WelcomeScreenViewController.swift */ = {isa = PBXFileReference; fileEncoding = 4; lastKnownFileType = sourcecode.swift; path = WelcomeScreenViewController.swift; sourceTree = "<group>"; };
		2DD514871E972A2B00843DDA /* DuckCardViewController.swift */ = {isa = PBXFileReference; fileEncoding = 4; lastKnownFileType = sourcecode.swift; path = DuckCardViewController.swift; sourceTree = "<group>"; };
		344E17851E9C36D3007E10EB /* TriviaQuestion.swift */ = {isa = PBXFileReference; fileEncoding = 4; lastKnownFileType = sourcecode.swift; path = TriviaQuestion.swift; sourceTree = "<group>"; };
		345CFB811EA023310073DD09 /* SQLite.xcodeproj */ = {isa = PBXFileReference; lastKnownFileType = "wrapper.pb-project"; name = SQLite.xcodeproj; path = ../SQLite.swift/SQLite.xcodeproj; sourceTree = "<group>"; };
		34DDCB521E9EBE62002507D9 /* TriviaScreen1.swift */ = {isa = PBXFileReference; fileEncoding = 4; lastKnownFileType = sourcecode.swift; path = TriviaScreen1.swift; sourceTree = "<group>"; };
		B2DDBE551E92C2E200C7B0EF /* TriviaStartScreenViewController.swift */ = {isa = PBXFileReference; fileEncoding = 4; lastKnownFileType = sourcecode.swift; path = TriviaStartScreenViewController.swift; sourceTree = "<group>"; };
		B812D7F41E5D3DF2002152D7 /* ViewControllerSS.swift */ = {isa = PBXFileReference; fileEncoding = 4; lastKnownFileType = sourcecode.swift; path = ViewControllerSS.swift; sourceTree = "<group>"; };
		B840E75B1E96E0A700E820D0 /* Leaderboard.swift */ = {isa = PBXFileReference; fileEncoding = 4; lastKnownFileType = sourcecode.swift; path = Leaderboard.swift; sourceTree = "<group>"; };
		B840E75C1E96E0A700E820D0 /* Users.swift */ = {isa = PBXFileReference; fileEncoding = 4; lastKnownFileType = sourcecode.swift; path = Users.swift; sourceTree = "<group>"; };
		B840E75D1E96E0A700E820D0 /* LeaderboardTableViewCell.swift */ = {isa = PBXFileReference; fileEncoding = 4; lastKnownFileType = sourcecode.swift; path = LeaderboardTableViewCell.swift; sourceTree = "<group>"; };
		B840E75E1E96E0A700E820D0 /* LeaderboardTableViewController.swift */ = {isa = PBXFileReference; fileEncoding = 4; lastKnownFileType = sourcecode.swift; path = LeaderboardTableViewController.swift; sourceTree = "<group>"; };
		B840E7771E992EEC00E820D0 /* ContentViewController.swift */ = {isa = PBXFileReference; fileEncoding = 4; lastKnownFileType = sourcecode.swift; path = ContentViewController.swift; sourceTree = "<group>"; };
		B840E7791E992F3A00E820D0 /* MainMenuViewController.swift */ = {isa = PBXFileReference; fileEncoding = 4; lastKnownFileType = sourcecode.swift; path = MainMenuViewController.swift; sourceTree = "<group>"; };
		B88B2F3A1E47B64100384A02 /* Duck App.app */ = {isa = PBXFileReference; explicitFileType = wrapper.application; includeInIndex = 0; path = "Duck App.app"; sourceTree = BUILT_PRODUCTS_DIR; };
		B88B2F3D1E47B64100384A02 /* AppDelegate.swift */ = {isa = PBXFileReference; lastKnownFileType = sourcecode.swift; path = AppDelegate.swift; sourceTree = "<group>"; };
		B88B2F3F1E47B64100384A02 /* ViewControllerMain.swift */ = {isa = PBXFileReference; lastKnownFileType = sourcecode.swift; path = ViewControllerMain.swift; sourceTree = "<group>"; };
		B88B2F421E47B64100384A02 /* Base */ = {isa = PBXFileReference; lastKnownFileType = file.storyboard; name = Base; path = Base.lproj/Main.storyboard; sourceTree = "<group>"; };
		B88B2F441E47B64100384A02 /* Assets.xcassets */ = {isa = PBXFileReference; lastKnownFileType = folder.assetcatalog; path = Assets.xcassets; sourceTree = "<group>"; };
		B88B2F471E47B64100384A02 /* Base */ = {isa = PBXFileReference; lastKnownFileType = file.storyboard; name = Base; path = Base.lproj/LaunchScreen.storyboard; sourceTree = "<group>"; };
		B88B2F491E47B64100384A02 /* Info.plist */ = {isa = PBXFileReference; lastKnownFileType = text.plist.xml; path = Info.plist; sourceTree = "<group>"; };
		B88B2F4E1E47B64100384A02 /* Duck AppTests.xctest */ = {isa = PBXFileReference; explicitFileType = wrapper.cfbundle; includeInIndex = 0; path = "Duck AppTests.xctest"; sourceTree = BUILT_PRODUCTS_DIR; };
		B88B2F521E47B64100384A02 /* Duck_AppTests.swift */ = {isa = PBXFileReference; lastKnownFileType = sourcecode.swift; path = Duck_AppTests.swift; sourceTree = "<group>"; };
		B88B2F541E47B64100384A02 /* Info.plist */ = {isa = PBXFileReference; lastKnownFileType = text.plist.xml; path = Info.plist; sourceTree = "<group>"; };
		B8F61C781E6219FE00699A0E /* DuckButton.swift */ = {isa = PBXFileReference; fileEncoding = 4; lastKnownFileType = sourcecode.swift; path = DuckButton.swift; sourceTree = "<group>"; };
		B8F61C7C1E67BB5900699A0E /* DuckCardTableViewCell.swift */ = {isa = PBXFileReference; fileEncoding = 4; lastKnownFileType = sourcecode.swift; path = DuckCardTableViewCell.swift; sourceTree = "<group>"; };
/* End PBXFileReference section */

/* Begin PBXFrameworksBuildPhase section */
		B88B2F371E47B64100384A02 /* Frameworks */ = {
			isa = PBXFrameworksBuildPhase;
			buildActionMask = 2147483647;
			files = (
				2D5FB00C1EA554850092E706 /* SQLite.framework in Frameworks */,
				2D5FB00B1EA554730092E706 /* SQLite.framework in Frameworks */,
			);
			runOnlyForDeploymentPostprocessing = 0;
		};
		B88B2F4B1E47B64100384A02 /* Frameworks */ = {
			isa = PBXFrameworksBuildPhase;
			buildActionMask = 2147483647;
			files = (
			);
			runOnlyForDeploymentPostprocessing = 0;
		};
/* End PBXFrameworksBuildPhase section */

/* Begin PBXGroup section */
		2D391A4A1E89ACF900480DFF /* Frameworks */ = {
			isa = PBXGroup;
			children = (
				345CFB811EA023310073DD09 /* SQLite.xcodeproj */,
			);
			name = Frameworks;
			sourceTree = "<group>";
		};
		2D5FAFF41EA5543D0092E706 /* Products */ = {
			isa = PBXGroup;
			children = (
				2D5FAFFE1EA5543D0092E706 /* SQLite.framework */,
				2D5FB0001EA5543D0092E706 /* SQLiteTests iOS.xctest */,
				2D5FB0021EA5543D0092E706 /* SQLite.framework */,
				2D5FB0041EA5543D0092E706 /* SQLiteTests Mac.xctest */,
				2D5FB0061EA5543D0092E706 /* SQLite.framework */,
				2D5FB0081EA5543D0092E706 /* SQLiteTests tvOS.xctest */,
				2D5FB00A1EA5543D0092E706 /* SQLite.framework */,
			);
			name = Products;
			sourceTree = "<group>";
		};
		2D720AA91E8DCC1300B797A4 /* DatabaseBackend */ = {
			isa = PBXGroup;
			children = (
				2D720AA11E8DCBE900B797A4 /* DuckDatabase.swift */,
			);
			name = DatabaseBackend;
			sourceTree = "<group>";
		};
		2D720AB71E8DDFFE00B797A4 /* Database */ = {
			isa = PBXGroup;
			children = (
				2D720AB31E8DDEAC00B797A4 /* duck.db */,
			);
			name = Database;
			sourceTree = "<group>";
		};
		344E178D1E9C395D007E10EB /* Trivia Stuff */ = {
			isa = PBXGroup;
			children = (
				344E17851E9C36D3007E10EB /* TriviaQuestion.swift */,
				B2DDBE551E92C2E200C7B0EF /* TriviaStartScreenViewController.swift */,
				34DDCB521E9EBE62002507D9 /* TriviaScreen1.swift */,
			);
			name = "Trivia Stuff";
			sourceTree = "<group>";
		};
		B840E7631E96E0B100E820D0 /* Leaderboard */ = {
			isa = PBXGroup;
			children = (
				B840E75C1E96E0A700E820D0 /* Users.swift */,
				B840E75B1E96E0A700E820D0 /* Leaderboard.swift */,
				B840E75D1E96E0A700E820D0 /* LeaderboardTableViewCell.swift */,
				B840E75E1E96E0A700E820D0 /* LeaderboardTableViewController.swift */,
			);
			name = Leaderboard;
			sourceTree = "<group>";
		};
		B840E7761E992EBB00E820D0 /* Main Menu */ = {
			isa = PBXGroup;
			children = (
				B840E7791E992F3A00E820D0 /* MainMenuViewController.swift */,
				B840E7771E992EEC00E820D0 /* ContentViewController.swift */,
				2DC655171EA55DDE00834ED2 /* WelcomeScreenViewController.swift */,
				2DC6550F1EA558C700834ED2 /* CreditsViewController.swift */,
			);
			name = "Main Menu";
			sourceTree = "<group>";
		};
		B88B2F311E47B64100384A02 = {
			isa = PBXGroup;
			children = (
				2D720AB71E8DDFFE00B797A4 /* Database */,
				B88B2F3C1E47B64100384A02 /* Duck App */,
				B88B2F511E47B64100384A02 /* Duck AppTests */,
				B88B2F3B1E47B64100384A02 /* Products */,
				2D391A4A1E89ACF900480DFF /* Frameworks */,
			);
			sourceTree = "<group>";
		};
		B88B2F3B1E47B64100384A02 /* Products */ = {
			isa = PBXGroup;
			children = (
				B88B2F3A1E47B64100384A02 /* Duck App.app */,
				B88B2F4E1E47B64100384A02 /* Duck AppTests.xctest */,
			);
			name = Products;
			sourceTree = "<group>";
		};
		B88B2F3C1E47B64100384A02 /* Duck App */ = {
			isa = PBXGroup;
			children = (
				B88B2F3D1E47B64100384A02 /* AppDelegate.swift */,
				B812D7F41E5D3DF2002152D7 /* ViewControllerSS.swift */,
				B88B2F3F1E47B64100384A02 /* ViewControllerMain.swift */,
				B840E7761E992EBB00E820D0 /* Main Menu */,
				B8F61C801E67BF1300699A0E /* DuckCards */,
				344E178D1E9C395D007E10EB /* Trivia Stuff */,
				B840E7631E96E0B100E820D0 /* Leaderboard */,
				2D720AA91E8DCC1300B797A4 /* DatabaseBackend */,
				B88B2F411E47B64100384A02 /* Main.storyboard */,
				B88B2F441E47B64100384A02 /* Assets.xcassets */,
				B88B2F461E47B64100384A02 /* LaunchScreen.storyboard */,
				B88B2F491E47B64100384A02 /* Info.plist */,
				B8F61C771E6219DC00699A0E /* Custom Buttons */,
			);
			path = "Duck App";
			sourceTree = "<group>";
		};
		B88B2F511E47B64100384A02 /* Duck AppTests */ = {
			isa = PBXGroup;
			children = (
				B88B2F521E47B64100384A02 /* Duck_AppTests.swift */,
				B88B2F541E47B64100384A02 /* Info.plist */,
			);
			path = "Duck AppTests";
			sourceTree = "<group>";
		};
		B8F61C771E6219DC00699A0E /* Custom Buttons */ = {
			isa = PBXGroup;
			children = (
				B8F61C781E6219FE00699A0E /* DuckButton.swift */,
			);
			name = "Custom Buttons";
			sourceTree = "<group>";
		};
		B8F61C801E67BF1300699A0E /* DuckCards */ = {
			isa = PBXGroup;
			children = (
				2D326DF21E92E7D500992FFA /* DuckGalleryTableViewController.swift */,
				2D7E0C031E973A20006C53C0 /* DuckInfo.swift */,
				2D326DF41E92E88C00992FFA /* DuckPreview.swift */,
				B8F61C7C1E67BB5900699A0E /* DuckCardTableViewCell.swift */,
				2DD514871E972A2B00843DDA /* DuckCardViewController.swift */,
			);
			name = DuckCards;
			sourceTree = "<group>";
		};
/* End PBXGroup section */

/* Begin PBXNativeTarget section */
		B88B2F391E47B64100384A02 /* Duck App */ = {
			isa = PBXNativeTarget;
			buildConfigurationList = B88B2F571E47B64100384A02 /* Build configuration list for PBXNativeTarget "Duck App" */;
			buildPhases = (
				B88B2F361E47B64100384A02 /* Sources */,
				B88B2F371E47B64100384A02 /* Frameworks */,
				B88B2F381E47B64100384A02 /* Resources */,
				2D391A681E89AD0600480DFF /* Embed Frameworks */,
			);
			buildRules = (
			);
			dependencies = (
				2D5FB00F1EA554850092E706 /* PBXTargetDependency */,
			);
			name = "Duck App";
			productName = "Duck App";
			productReference = B88B2F3A1E47B64100384A02 /* Duck App.app */;
			productType = "com.apple.product-type.application";
		};
		B88B2F4D1E47B64100384A02 /* Duck AppTests */ = {
			isa = PBXNativeTarget;
			buildConfigurationList = B88B2F5A1E47B64100384A02 /* Build configuration list for PBXNativeTarget "Duck AppTests" */;
			buildPhases = (
				B88B2F4A1E47B64100384A02 /* Sources */,
				B88B2F4B1E47B64100384A02 /* Frameworks */,
				B88B2F4C1E47B64100384A02 /* Resources */,
			);
			buildRules = (
			);
			dependencies = (
				B88B2F501E47B64100384A02 /* PBXTargetDependency */,
			);
			name = "Duck AppTests";
			productName = "Duck AppTests";
			productReference = B88B2F4E1E47B64100384A02 /* Duck AppTests.xctest */;
			productType = "com.apple.product-type.bundle.unit-test";
		};
/* End PBXNativeTarget section */

/* Begin PBXProject section */
		B88B2F321E47B64100384A02 /* Project object */ = {
			isa = PBXProject;
			attributes = {
				LastSwiftUpdateCheck = 0820;
				LastUpgradeCheck = 0820;
				ORGANIZATIONNAME = "Auburn University";
				TargetAttributes = {
					B88B2F391E47B64100384A02 = {
						CreatedOnToolsVersion = 8.2.1;
						ProvisioningStyle = Manual;
					};
					B88B2F4D1E47B64100384A02 = {
						CreatedOnToolsVersion = 8.2.1;
						ProvisioningStyle = Automatic;
						TestTargetID = B88B2F391E47B64100384A02;
					};
				};
			};
			buildConfigurationList = B88B2F351E47B64100384A02 /* Build configuration list for PBXProject "Duck App" */;
			compatibilityVersion = "Xcode 3.2";
			developmentRegion = English;
			hasScannedForEncodings = 0;
			knownRegions = (
				en,
				Base,
			);
			mainGroup = B88B2F311E47B64100384A02;
			productRefGroup = B88B2F3B1E47B64100384A02 /* Products */;
			projectDirPath = "";
			projectReferences = (
				{
					ProductGroup = 2D5FAFF41EA5543D0092E706 /* Products */;
					ProjectRef = 345CFB811EA023310073DD09 /* SQLite.xcodeproj */;
				},
			);
			projectRoot = "";
			targets = (
				B88B2F391E47B64100384A02 /* Duck App */,
				B88B2F4D1E47B64100384A02 /* Duck AppTests */,
			);
		};
/* End PBXProject section */

/* Begin PBXReferenceProxy section */
		2D5FAFFE1EA5543D0092E706 /* SQLite.framework */ = {
			isa = PBXReferenceProxy;
			fileType = wrapper.framework;
			path = SQLite.framework;
			remoteRef = 2D5FAFFD1EA5543D0092E706 /* PBXContainerItemProxy */;
			sourceTree = BUILT_PRODUCTS_DIR;
		};
		2D5FB0001EA5543D0092E706 /* SQLiteTests iOS.xctest */ = {
			isa = PBXReferenceProxy;
			fileType = wrapper.cfbundle;
			path = "SQLiteTests iOS.xctest";
			remoteRef = 2D5FAFFF1EA5543D0092E706 /* PBXContainerItemProxy */;
			sourceTree = BUILT_PRODUCTS_DIR;
		};
		2D5FB0021EA5543D0092E706 /* SQLite.framework */ = {
			isa = PBXReferenceProxy;
			fileType = wrapper.framework;
			path = SQLite.framework;
			remoteRef = 2D5FB0011EA5543D0092E706 /* PBXContainerItemProxy */;
			sourceTree = BUILT_PRODUCTS_DIR;
		};
		2D5FB0041EA5543D0092E706 /* SQLiteTests Mac.xctest */ = {
			isa = PBXReferenceProxy;
			fileType = wrapper.cfbundle;
			path = "SQLiteTests Mac.xctest";
			remoteRef = 2D5FB0031EA5543D0092E706 /* PBXContainerItemProxy */;
			sourceTree = BUILT_PRODUCTS_DIR;
		};
		2D5FB0061EA5543D0092E706 /* SQLite.framework */ = {
			isa = PBXReferenceProxy;
			fileType = wrapper.framework;
			path = SQLite.framework;
			remoteRef = 2D5FB0051EA5543D0092E706 /* PBXContainerItemProxy */;
			sourceTree = BUILT_PRODUCTS_DIR;
		};
		2D5FB0081EA5543D0092E706 /* SQLiteTests tvOS.xctest */ = {
			isa = PBXReferenceProxy;
			fileType = wrapper.cfbundle;
			path = "SQLiteTests tvOS.xctest";
			remoteRef = 2D5FB0071EA5543D0092E706 /* PBXContainerItemProxy */;
			sourceTree = BUILT_PRODUCTS_DIR;
		};
		2D5FB00A1EA5543D0092E706 /* SQLite.framework */ = {
			isa = PBXReferenceProxy;
			fileType = wrapper.framework;
			path = SQLite.framework;
			remoteRef = 2D5FB0091EA5543D0092E706 /* PBXContainerItemProxy */;
			sourceTree = BUILT_PRODUCTS_DIR;
		};
/* End PBXReferenceProxy section */

/* Begin PBXResourcesBuildPhase section */
		B88B2F381E47B64100384A02 /* Resources */ = {
			isa = PBXResourcesBuildPhase;
			buildActionMask = 2147483647;
			files = (
				2D720AB41E8DDEAC00B797A4 /* duck.db in Resources */,
				B88B2F481E47B64100384A02 /* LaunchScreen.storyboard in Resources */,
				B88B2F451E47B64100384A02 /* Assets.xcassets in Resources */,
				B88B2F431E47B64100384A02 /* Main.storyboard in Resources */,
			);
			runOnlyForDeploymentPostprocessing = 0;
		};
		B88B2F4C1E47B64100384A02 /* Resources */ = {
			isa = PBXResourcesBuildPhase;
			buildActionMask = 2147483647;
			files = (
				2D720AB61E8DDF0900B797A4 /* duck.db in Resources */,
			);
			runOnlyForDeploymentPostprocessing = 0;
		};
/* End PBXResourcesBuildPhase section */

/* Begin PBXSourcesBuildPhase section */
		B88B2F361E47B64100384A02 /* Sources */ = {
			isa = PBXSourcesBuildPhase;
			buildActionMask = 2147483647;
			files = (
				B840E77A1E992F3A00E820D0 /* MainMenuViewController.swift in Sources */,
				B8F61C791E6219FE00699A0E /* DuckButton.swift in Sources */,
				B840E75F1E96E0A700E820D0 /* Leaderboard.swift in Sources */,
				B840E7781E992EEC00E820D0 /* ContentViewController.swift in Sources */,
				B88B2F401E47B64100384A02 /* ViewControllerMain.swift in Sources */,
				2DC655181EA55DDE00834ED2 /* WelcomeScreenViewController.swift in Sources */,
				2D326DF51E92E88C00992FFA /* DuckPreview.swift in Sources */,
				B812D7F51E5D3DF2002152D7 /* ViewControllerSS.swift in Sources */,
				B840E7621E96E0A700E820D0 /* LeaderboardTableViewController.swift in Sources */,
				34DDCB531E9EBE62002507D9 /* TriviaScreen1.swift in Sources */,
				2D720AA21E8DCBE900B797A4 /* DuckDatabase.swift in Sources */,
				B88B2F3E1E47B64100384A02 /* AppDelegate.swift in Sources */,
				344E17861E9C36D3007E10EB /* TriviaQuestion.swift in Sources */,
				B8F61C7D1E67BB5900699A0E /* DuckCardTableViewCell.swift in Sources */,
				B840E7601E96E0A700E820D0 /* Users.swift in Sources */,
				2D326DF31E92E7D500992FFA /* DuckGalleryTableViewController.swift in Sources */,
				2D7E0C041E973A20006C53C0 /* DuckInfo.swift in Sources */,
				B2DDBE561E92C2E200C7B0EF /* TriviaStartScreenViewController.swift in Sources */,
				2DD514881E972A2B00843DDA /* DuckCardViewController.swift in Sources */,
				B840E7611E96E0A700E820D0 /* LeaderboardTableViewCell.swift in Sources */,
				2DC655101EA558C700834ED2 /* CreditsViewController.swift in Sources */,
			);
			runOnlyForDeploymentPostprocessing = 0;
		};
		B88B2F4A1E47B64100384A02 /* Sources */ = {
			isa = PBXSourcesBuildPhase;
			buildActionMask = 2147483647;
			files = (
				B88B2F531E47B64100384A02 /* Duck_AppTests.swift in Sources */,
			);
			runOnlyForDeploymentPostprocessing = 0;
		};
/* End PBXSourcesBuildPhase section */

/* Begin PBXTargetDependency section */
		2D5FB00F1EA554850092E706 /* PBXTargetDependency */ = {
			isa = PBXTargetDependency;
			name = "SQLite iOS";
			targetProxy = 2D5FB00E1EA554850092E706 /* PBXContainerItemProxy */;
		};
		B88B2F501E47B64100384A02 /* PBXTargetDependency */ = {
			isa = PBXTargetDependency;
			target = B88B2F391E47B64100384A02 /* Duck App */;
			targetProxy = B88B2F4F1E47B64100384A02 /* PBXContainerItemProxy */;
		};
/* End PBXTargetDependency section */

/* Begin PBXVariantGroup section */
		B88B2F411E47B64100384A02 /* Main.storyboard */ = {
			isa = PBXVariantGroup;
			children = (
				B88B2F421E47B64100384A02 /* Base */,
			);
			name = Main.storyboard;
			sourceTree = "<group>";
		};
		B88B2F461E47B64100384A02 /* LaunchScreen.storyboard */ = {
			isa = PBXVariantGroup;
			children = (
				B88B2F471E47B64100384A02 /* Base */,
			);
			name = LaunchScreen.storyboard;
			sourceTree = "<group>";
		};
/* End PBXVariantGroup section */

/* Begin XCBuildConfiguration section */
		B88B2F551E47B64100384A02 /* Debug */ = {
			isa = XCBuildConfiguration;
			buildSettings = {
				ALWAYS_SEARCH_USER_PATHS = NO;
				CLANG_ANALYZER_NONNULL = YES;
				CLANG_CXX_LANGUAGE_STANDARD = "gnu++0x";
				CLANG_CXX_LIBRARY = "libc++";
				CLANG_ENABLE_MODULES = YES;
				CLANG_ENABLE_OBJC_ARC = YES;
				CLANG_WARN_BOOL_CONVERSION = YES;
				CLANG_WARN_CONSTANT_CONVERSION = YES;
				CLANG_WARN_DIRECT_OBJC_ISA_USAGE = YES_ERROR;
				CLANG_WARN_DOCUMENTATION_COMMENTS = YES;
				CLANG_WARN_EMPTY_BODY = YES;
				CLANG_WARN_ENUM_CONVERSION = YES;
				CLANG_WARN_INFINITE_RECURSION = YES;
				CLANG_WARN_INT_CONVERSION = YES;
				CLANG_WARN_OBJC_ROOT_CLASS = YES_ERROR;
				CLANG_WARN_SUSPICIOUS_MOVE = YES;
				CLANG_WARN_UNREACHABLE_CODE = YES;
				CLANG_WARN__DUPLICATE_METHOD_MATCH = YES;
				"CODE_SIGN_IDENTITY[sdk=iphoneos*]" = "iPhone Developer";
				COPY_PHASE_STRIP = NO;
				DEBUG_INFORMATION_FORMAT = dwarf;
				ENABLE_STRICT_OBJC_MSGSEND = YES;
				ENABLE_TESTABILITY = YES;
				GCC_C_LANGUAGE_STANDARD = gnu99;
				GCC_DYNAMIC_NO_PIC = NO;
				GCC_NO_COMMON_BLOCKS = YES;
				GCC_OPTIMIZATION_LEVEL = 0;
				GCC_PREPROCESSOR_DEFINITIONS = (
					"DEBUG=1",
					"$(inherited)",
				);
				GCC_WARN_64_TO_32_BIT_CONVERSION = YES;
				GCC_WARN_ABOUT_RETURN_TYPE = YES_ERROR;
				GCC_WARN_UNDECLARED_SELECTOR = YES;
				GCC_WARN_UNINITIALIZED_AUTOS = YES_AGGRESSIVE;
				GCC_WARN_UNUSED_FUNCTION = YES;
				GCC_WARN_UNUSED_VARIABLE = YES;
				IPHONEOS_DEPLOYMENT_TARGET = 10.2;
				MTL_ENABLE_DEBUG_INFO = YES;
				ONLY_ACTIVE_ARCH = YES;
				SDKROOT = iphoneos;
				SWIFT_ACTIVE_COMPILATION_CONDITIONS = DEBUG;
				SWIFT_OPTIMIZATION_LEVEL = "-Onone";
				TARGETED_DEVICE_FAMILY = 2;
			};
			name = Debug;
		};
		B88B2F561E47B64100384A02 /* Release */ = {
			isa = XCBuildConfiguration;
			buildSettings = {
				ALWAYS_SEARCH_USER_PATHS = NO;
				CLANG_ANALYZER_NONNULL = YES;
				CLANG_CXX_LANGUAGE_STANDARD = "gnu++0x";
				CLANG_CXX_LIBRARY = "libc++";
				CLANG_ENABLE_MODULES = YES;
				CLANG_ENABLE_OBJC_ARC = YES;
				CLANG_WARN_BOOL_CONVERSION = YES;
				CLANG_WARN_CONSTANT_CONVERSION = YES;
				CLANG_WARN_DIRECT_OBJC_ISA_USAGE = YES_ERROR;
				CLANG_WARN_DOCUMENTATION_COMMENTS = YES;
				CLANG_WARN_EMPTY_BODY = YES;
				CLANG_WARN_ENUM_CONVERSION = YES;
				CLANG_WARN_INFINITE_RECURSION = YES;
				CLANG_WARN_INT_CONVERSION = YES;
				CLANG_WARN_OBJC_ROOT_CLASS = YES_ERROR;
				CLANG_WARN_SUSPICIOUS_MOVE = YES;
				CLANG_WARN_UNREACHABLE_CODE = YES;
				CLANG_WARN__DUPLICATE_METHOD_MATCH = YES;
				"CODE_SIGN_IDENTITY[sdk=iphoneos*]" = "iPhone Developer";
				COPY_PHASE_STRIP = NO;
				DEBUG_INFORMATION_FORMAT = "dwarf-with-dsym";
				ENABLE_NS_ASSERTIONS = NO;
				ENABLE_STRICT_OBJC_MSGSEND = YES;
				GCC_C_LANGUAGE_STANDARD = gnu99;
				GCC_NO_COMMON_BLOCKS = YES;
				GCC_WARN_64_TO_32_BIT_CONVERSION = YES;
				GCC_WARN_ABOUT_RETURN_TYPE = YES_ERROR;
				GCC_WARN_UNDECLARED_SELECTOR = YES;
				GCC_WARN_UNINITIALIZED_AUTOS = YES_AGGRESSIVE;
				GCC_WARN_UNUSED_FUNCTION = YES;
				GCC_WARN_UNUSED_VARIABLE = YES;
				IPHONEOS_DEPLOYMENT_TARGET = 10.2;
				MTL_ENABLE_DEBUG_INFO = NO;
				SDKROOT = iphoneos;
				SWIFT_OPTIMIZATION_LEVEL = "-Owholemodule";
				TARGETED_DEVICE_FAMILY = 2;
				VALIDATE_PRODUCT = YES;
			};
			name = Release;
		};
		B88B2F581E47B64100384A02 /* Debug */ = {
			isa = XCBuildConfiguration;
			buildSettings = {
				ALWAYS_EMBED_SWIFT_STANDARD_LIBRARIES = YES;
				ASSETCATALOG_COMPILER_APPICON_NAME = AppIcon;
				ASSETCATALOG_COMPILER_LAUNCHIMAGE_NAME = LaunchImage;
				DEVELOPMENT_TEAM = "";
				INFOPLIST_FILE = "Duck App/Info.plist";
				IPHONEOS_DEPLOYMENT_TARGET = 10.1;
				LD_RUNPATH_SEARCH_PATHS = "$(inherited) @executable_path/Frameworks";
				PRODUCT_BUNDLE_IDENTIFIER = "edu.auburn.Duck-App";
				PRODUCT_NAME = "$(TARGET_NAME)";
				SWIFT_VERSION = 3.0;
			};
			name = Debug;
		};
		B88B2F591E47B64100384A02 /* Release */ = {
			isa = XCBuildConfiguration;
			buildSettings = {
				ALWAYS_EMBED_SWIFT_STANDARD_LIBRARIES = YES;
				ASSETCATALOG_COMPILER_APPICON_NAME = AppIcon;
				ASSETCATALOG_COMPILER_LAUNCHIMAGE_NAME = LaunchImage;
				DEVELOPMENT_TEAM = "";
				INFOPLIST_FILE = "Duck App/Info.plist";
				IPHONEOS_DEPLOYMENT_TARGET = 10.1;
				LD_RUNPATH_SEARCH_PATHS = "$(inherited) @executable_path/Frameworks";
				PRODUCT_BUNDLE_IDENTIFIER = "edu.auburn.Duck-App";
				PRODUCT_NAME = "$(TARGET_NAME)";
				SWIFT_VERSION = 3.0;
			};
			name = Release;
		};
		B88B2F5B1E47B64100384A02 /* Debug */ = {
			isa = XCBuildConfiguration;
			buildSettings = {
				ALWAYS_EMBED_SWIFT_STANDARD_LIBRARIES = YES;
				BUNDLE_LOADER = "$(TEST_HOST)";
				INFOPLIST_FILE = "Duck AppTests/Info.plist";
				LD_RUNPATH_SEARCH_PATHS = "$(inherited) @executable_path/Frameworks @loader_path/Frameworks";
				PRODUCT_BUNDLE_IDENTIFIER = "Auburn.Duck-AppTests";
				PRODUCT_NAME = "$(TARGET_NAME)";
				SWIFT_VERSION = 3.0;
				TEST_HOST = "$(BUILT_PRODUCTS_DIR)/Duck App.app/Duck App";
			};
			name = Debug;
		};
		B88B2F5C1E47B64100384A02 /* Release */ = {
			isa = XCBuildConfiguration;
			buildSettings = {
				ALWAYS_EMBED_SWIFT_STANDARD_LIBRARIES = YES;
				BUNDLE_LOADER = "$(TEST_HOST)";
				INFOPLIST_FILE = "Duck AppTests/Info.plist";
				LD_RUNPATH_SEARCH_PATHS = "$(inherited) @executable_path/Frameworks @loader_path/Frameworks";
				PRODUCT_BUNDLE_IDENTIFIER = "Auburn.Duck-AppTests";
				PRODUCT_NAME = "$(TARGET_NAME)";
				SWIFT_VERSION = 3.0;
				TEST_HOST = "$(BUILT_PRODUCTS_DIR)/Duck App.app/Duck App";
			};
			name = Release;
		};
/* End XCBuildConfiguration section */

/* Begin XCConfigurationList section */
		B88B2F351E47B64100384A02 /* Build configuration list for PBXProject "Duck App" */ = {
			isa = XCConfigurationList;
			buildConfigurations = (
				B88B2F551E47B64100384A02 /* Debug */,
				B88B2F561E47B64100384A02 /* Release */,
			);
			defaultConfigurationIsVisible = 0;
			defaultConfigurationName = Release;
		};
		B88B2F571E47B64100384A02 /* Build configuration list for PBXNativeTarget "Duck App" */ = {
			isa = XCConfigurationList;
			buildConfigurations = (
				B88B2F581E47B64100384A02 /* Debug */,
				B88B2F591E47B64100384A02 /* Release */,
			);
			defaultConfigurationIsVisible = 0;
			defaultConfigurationName = Release;
		};
		B88B2F5A1E47B64100384A02 /* Build configuration list for PBXNativeTarget "Duck AppTests" */ = {
			isa = XCConfigurationList;
			buildConfigurations = (
				B88B2F5B1E47B64100384A02 /* Debug */,
				B88B2F5C1E47B64100384A02 /* Release */,
			);
			defaultConfigurationIsVisible = 0;
			defaultConfigurationName = Release;
		};
/* End XCConfigurationList section */
	};
	rootObject = B88B2F321E47B64100384A02 /* Project object */;
}
