// !$*UTF8*$!
{
	archiveVersion = 1;
	classes = {
	};
	objectVersion = 46;
	objects = {

/* Begin PBXBuildFile section */
		340C00EF1E566690001A91E6 /* TimerClass.swift in Sources */ = {isa = PBXBuildFile; fileRef = 340C00EE1E566690001A91E6 /* TimerClass.swift */; };
		340C00F11E5668AE001A91E6 /* main.swift in Sources */ = {isa = PBXBuildFile; fileRef = 340C00F01E5668AE001A91E6 /* main.swift */; };
		349C1E701E4916F500CD5EDB /* AppDelegate.swift in Sources */ = {isa = PBXBuildFile; fileRef = 349C1E6F1E4916F500CD5EDB /* AppDelegate.swift */; };
		349C1E721E4916F500CD5EDB /* ViewController.swift in Sources */ = {isa = PBXBuildFile; fileRef = 349C1E711E4916F500CD5EDB /* ViewController.swift */; };
		349C1E751E4916F500CD5EDB /* Main.storyboard in Resources */ = {isa = PBXBuildFile; fileRef = 349C1E731E4916F500CD5EDB /* Main.storyboard */; };
		349C1E771E4916F500CD5EDB /* Assets.xcassets in Resources */ = {isa = PBXBuildFile; fileRef = 349C1E761E4916F500CD5EDB /* Assets.xcassets */; };
		349C1E7A1E4916F500CD5EDB /* LaunchScreen.storyboard in Resources */ = {isa = PBXBuildFile; fileRef = 349C1E781E4916F500CD5EDB /* LaunchScreen.storyboard */; };
/* End PBXBuildFile section */

/* Begin PBXFileReference section */
		340C00EE1E566690001A91E6 /* TimerClass.swift */ = {isa = PBXFileReference; fileEncoding = 4; lastKnownFileType = sourcecode.swift; path = TimerClass.swift; sourceTree = "<group>"; };
		340C00F01E5668AE001A91E6 /* main.swift */ = {isa = PBXFileReference; fileEncoding = 4; lastKnownFileType = sourcecode.swift; path = main.swift; sourceTree = "<group>"; };
		349C1E6C1E4916F500CD5EDB /* Duck App.app */ = {isa = PBXFileReference; explicitFileType = wrapper.application; includeInIndex = 0; path = "Duck App.app"; sourceTree = BUILT_PRODUCTS_DIR; };
		349C1E6F1E4916F500CD5EDB /* AppDelegate.swift */ = {isa = PBXFileReference; lastKnownFileType = sourcecode.swift; path = AppDelegate.swift; sourceTree = "<group>"; };
		349C1E711E4916F500CD5EDB /* ViewController.swift */ = {isa = PBXFileReference; lastKnownFileType = sourcecode.swift; path = ViewController.swift; sourceTree = "<group>"; };
		349C1E741E4916F500CD5EDB /* Base */ = {isa = PBXFileReference; lastKnownFileType = file.storyboard; name = Base; path = Base.lproj/Main.storyboard; sourceTree = "<group>"; };
		349C1E761E4916F500CD5EDB /* Assets.xcassets */ = {isa = PBXFileReference; lastKnownFileType = folder.assetcatalog; path = Assets.xcassets; sourceTree = "<group>"; };
		349C1E791E4916F500CD5EDB /* Base */ = {isa = PBXFileReference; lastKnownFileType = file.storyboard; name = Base; path = Base.lproj/LaunchScreen.storyboard; sourceTree = "<group>"; };
		349C1E7B1E4916F500CD5EDB /* Info.plist */ = {isa = PBXFileReference; lastKnownFileType = text.plist.xml; path = Info.plist; sourceTree = "<group>"; };
/* End PBXFileReference section */

/* Begin PBXFrameworksBuildPhase section */
		349C1E691E4916F400CD5EDB /* Frameworks */ = {
			isa = PBXFrameworksBuildPhase;
			buildActionMask = 2147483647;
			files = (
			);
			runOnlyForDeploymentPostprocessing = 0;
		};
/* End PBXFrameworksBuildPhase section */

/* Begin PBXGroup section */
		349C1E631E4916F400CD5EDB = {
			isa = PBXGroup;
			children = (
				349C1E6E1E4916F500CD5EDB /* Duck App */,
				349C1E6D1E4916F500CD5EDB /* Products */,
			);
			sourceTree = "<group>";
		};
		349C1E6D1E4916F500CD5EDB /* Products */ = {
			isa = PBXGroup;
			children = (
				349C1E6C1E4916F500CD5EDB /* Duck App.app */,
			);
			name = Products;
			sourceTree = "<group>";
		};
		349C1E6E1E4916F500CD5EDB /* Duck App */ = {
			isa = PBXGroup;
			children = (
				349C1E6F1E4916F500CD5EDB /* AppDelegate.swift */,
				349C1E711E4916F500CD5EDB /* ViewController.swift */,
				340C00EE1E566690001A91E6 /* TimerClass.swift */,
				340C00F01E5668AE001A91E6 /* main.swift */,
				349C1E731E4916F500CD5EDB /* Main.storyboard */,
				349C1E761E4916F500CD5EDB /* Assets.xcassets */,
				349C1E781E4916F500CD5EDB /* LaunchScreen.storyboard */,
				349C1E7B1E4916F500CD5EDB /* Info.plist */,
			);
			path = "Duck App";
			sourceTree = "<group>";
		};
/* End PBXGroup section */

/* Begin PBXNativeTarget section */
		349C1E6B1E4916F400CD5EDB /* Duck App */ = {
			isa = PBXNativeTarget;
			buildConfigurationList = 349C1E7E1E4916F500CD5EDB /* Build configuration list for PBXNativeTarget "Duck App" */;
			buildPhases = (
				349C1E681E4916F400CD5EDB /* Sources */,
				349C1E691E4916F400CD5EDB /* Frameworks */,
				349C1E6A1E4916F400CD5EDB /* Resources */,
			);
			buildRules = (
			);
			dependencies = (
			);
			name = "Duck App";
			productName = "Duck App";
			productReference = 349C1E6C1E4916F500CD5EDB /* Duck App.app */;
			productType = "com.apple.product-type.application";
		};
/* End PBXNativeTarget section */

/* Begin PBXProject section */
		349C1E641E4916F400CD5EDB /* Project object */ = {
			isa = PBXProject;
			attributes = {
				LastSwiftUpdateCheck = 0810;
				LastUpgradeCheck = 0810;
				ORGANIZATIONNAME = "Matthew Meade Mabrey";
				TargetAttributes = {
					349C1E6B1E4916F400CD5EDB = {
						CreatedOnToolsVersion = 8.1;
						ProvisioningStyle = Automatic;
					};
				};
			};
			buildConfigurationList = 349C1E671E4916F400CD5EDB /* Build configuration list for PBXProject "Duck App" */;
			compatibilityVersion = "Xcode 3.2";
			developmentRegion = English;
			hasScannedForEncodings = 0;
			knownRegions = (
				en,
				Base,
			);
			mainGroup = 349C1E631E4916F400CD5EDB;
			productRefGroup = 349C1E6D1E4916F500CD5EDB /* Products */;
			projectDirPath = "";
			projectRoot = "";
			targets = (
				349C1E6B1E4916F400CD5EDB /* Duck App */,
			);
		};
/* End PBXProject section */

/* Begin PBXResourcesBuildPhase section */
		349C1E6A1E4916F400CD5EDB /* Resources */ = {
			isa = PBXResourcesBuildPhase;
			buildActionMask = 2147483647;
			files = (
				349C1E7A1E4916F500CD5EDB /* LaunchScreen.storyboard in Resources */,
				349C1E771E4916F500CD5EDB /* Assets.xcassets in Resources */,
				349C1E751E4916F500CD5EDB /* Main.storyboard in Resources */,
			);
			runOnlyForDeploymentPostprocessing = 0;
		};
/* End PBXResourcesBuildPhase section */

/* Begin PBXSourcesBuildPhase section */
		349C1E681E4916F400CD5EDB /* Sources */ = {
			isa = PBXSourcesBuildPhase;
			buildActionMask = 2147483647;
			files = (
				349C1E721E4916F500CD5EDB /* ViewController.swift in Sources */,
				340C00EF1E566690001A91E6 /* TimerClass.swift in Sources */,
				340C00F11E5668AE001A91E6 /* main.swift in Sources */,
				349C1E701E4916F500CD5EDB /* AppDelegate.swift in Sources */,
			);
			runOnlyForDeploymentPostprocessing = 0;
		};
/* End PBXSourcesBuildPhase section */

/* Begin PBXVariantGroup section */
		349C1E731E4916F500CD5EDB /* Main.storyboard */ = {
			isa = PBXVariantGroup;
			children = (
				349C1E741E4916F500CD5EDB /* Base */,
			);
			name = Main.storyboard;
			sourceTree = "<group>";
		};
		349C1E781E4916F500CD5EDB /* LaunchScreen.storyboard */ = {
			isa = PBXVariantGroup;
			children = (
				349C1E791E4916F500CD5EDB /* Base */,
			);
			name = LaunchScreen.storyboard;
			sourceTree = "<group>";
		};
/* End PBXVariantGroup section */

/* Begin XCBuildConfiguration section */
		349C1E7C1E4916F500CD5EDB /* Debug */ = {
			isa = XCBuildConfiguration;
			buildSettings = {
				ALWAYS_SEARCH_USER_PATHS = NO;
				CLANG_ANALYZER_NONNULL = YES;
				CLANG_CXX_LANGUAGE_STANDARD = "gnu++0x";
				CLANG_CXX_LIBRARY = "libc++";
				CLANG_ENABLE_MODULES = YES;
				CLANG_ENABLE_OBJC_ARC = YES;
				CLANG_WARN_BOOL_CONVERSION = YES;
				CLANG_WARN_CONSTANT_CONVERSION = YES;
				CLANG_WARN_DIRECT_OBJC_ISA_USAGE = YES_ERROR;
				CLANG_WARN_DOCUMENTATION_COMMENTS = YES;
				CLANG_WARN_EMPTY_BODY = YES;
				CLANG_WARN_ENUM_CONVERSION = YES;
				CLANG_WARN_INFINITE_RECURSION = YES;
				CLANG_WARN_INT_CONVERSION = YES;
				CLANG_WARN_OBJC_ROOT_CLASS = YES_ERROR;
				CLANG_WARN_SUSPICIOUS_MOVES = YES;
				CLANG_WARN_UNREACHABLE_CODE = YES;
				CLANG_WARN__DUPLICATE_METHOD_MATCH = YES;
				"CODE_SIGN_IDENTITY[sdk=iphoneos*]" = "iPhone Developer";
				COPY_PHASE_STRIP = NO;
				DEBUG_INFORMATION_FORMAT = dwarf;
				ENABLE_STRICT_OBJC_MSGSEND = YES;
				ENABLE_TESTABILITY = YES;
				GCC_C_LANGUAGE_STANDARD = gnu99;
				GCC_DYNAMIC_NO_PIC = NO;
				GCC_NO_COMMON_BLOCKS = YES;
				GCC_OPTIMIZATION_LEVEL = 0;
				GCC_PREPROCESSOR_DEFINITIONS = (
					"DEBUG=1",
					"$(inherited)",
				);
				GCC_WARN_64_TO_32_BIT_CONVERSION = YES;
				GCC_WARN_ABOUT_RETURN_TYPE = YES_ERROR;
				GCC_WARN_UNDECLARED_SELECTOR = YES;
				GCC_WARN_UNINITIALIZED_AUTOS = YES_AGGRESSIVE;
				GCC_WARN_UNUSED_FUNCTION = YES;
				GCC_WARN_UNUSED_VARIABLE = YES;
				IPHONEOS_DEPLOYMENT_TARGET = 10.1;
				MTL_ENABLE_DEBUG_INFO = YES;
				ONLY_ACTIVE_ARCH = YES;
				SDKROOT = iphoneos;
				SWIFT_ACTIVE_COMPILATION_CONDITIONS = DEBUG;
				SWIFT_OPTIMIZATION_LEVEL = "-Onone";
				TARGETED_DEVICE_FAMILY = 2;
			};
			name = Debug;
		};
		349C1E7D1E4916F500CD5EDB /* Release */ = {
			isa = XCBuildConfiguration;
			buildSettings = {
				ALWAYS_SEARCH_USER_PATHS = NO;
				CLANG_ANALYZER_NONNULL = YES;
				CLANG_CXX_LANGUAGE_STANDARD = "gnu++0x";
				CLANG_CXX_LIBRARY = "libc++";
				CLANG_ENABLE_MODULES = YES;
				CLANG_ENABLE_OBJC_ARC = YES;
				CLANG_WARN_BOOL_CONVERSION = YES;
				CLANG_WARN_CONSTANT_CONVERSION = YES;
				CLANG_WARN_DIRECT_OBJC_ISA_USAGE = YES_ERROR;
				CLANG_WARN_DOCUMENTATION_COMMENTS = YES;
				CLANG_WARN_EMPTY_BODY = YES;
				CLANG_WARN_ENUM_CONVERSION = YES;
				CLANG_WARN_INFINITE_RECURSION = YES;
				CLANG_WARN_INT_CONVERSION = YES;
				CLANG_WARN_OBJC_ROOT_CLASS = YES_ERROR;
				CLANG_WARN_SUSPICIOUS_MOVES = YES;
				CLANG_WARN_UNREACHABLE_CODE = YES;
				CLANG_WARN__DUPLICATE_METHOD_MATCH = YES;
				"CODE_SIGN_IDENTITY[sdk=iphoneos*]" = "iPhone Developer";
				COPY_PHASE_STRIP = NO;
				DEBUG_INFORMATION_FORMAT = "dwarf-with-dsym";
				ENABLE_NS_ASSERTIONS = NO;
				ENABLE_STRICT_OBJC_MSGSEND = YES;
				GCC_C_LANGUAGE_STANDARD = gnu99;
				GCC_NO_COMMON_BLOCKS = YES;
				GCC_WARN_64_TO_32_BIT_CONVERSION = YES;
				GCC_WARN_ABOUT_RETURN_TYPE = YES_ERROR;
				GCC_WARN_UNDECLARED_SELECTOR = YES;
				GCC_WARN_UNINITIALIZED_AUTOS = YES_AGGRESSIVE;
				GCC_WARN_UNUSED_FUNCTION = YES;
				GCC_WARN_UNUSED_VARIABLE = YES;
				IPHONEOS_DEPLOYMENT_TARGET = 10.1;
				MTL_ENABLE_DEBUG_INFO = NO;
				SDKROOT = iphoneos;
				SWIFT_OPTIMIZATION_LEVEL = "-Owholemodule";
				TARGETED_DEVICE_FAMILY = 2;
				VALIDATE_PRODUCT = YES;
			};
			name = Release;
		};
		349C1E7F1E4916F500CD5EDB /* Debug */ = {
			isa = XCBuildConfiguration;
			buildSettings = {
				ASSETCATALOG_COMPILER_APPICON_NAME = AppIcon;
				INFOPLIST_FILE = "Duck App/Info.plist";
				LD_RUNPATH_SEARCH_PATHS = "$(inherited) @executable_path/Frameworks";
				PRODUCT_BUNDLE_IDENTIFIER = "com.MattMabrey.Duck-App";
				PRODUCT_NAME = "$(TARGET_NAME)";
				SWIFT_VERSION = 3.0;
			};
			name = Debug;
		};
		349C1E801E4916F500CD5EDB /* Release */ = {
			isa = XCBuildConfiguration;
			buildSettings = {
				ASSETCATALOG_COMPILER_APPICON_NAME = AppIcon;
				INFOPLIST_FILE = "Duck App/Info.plist";
				LD_RUNPATH_SEARCH_PATHS = "$(inherited) @executable_path/Frameworks";
				PRODUCT_BUNDLE_IDENTIFIER = "com.MattMabrey.Duck-App";
				PRODUCT_NAME = "$(TARGET_NAME)";
				SWIFT_VERSION = 3.0;
			};
			name = Release;
		};
/* End XCBuildConfiguration section */

/* Begin XCConfigurationList section */
		349C1E671E4916F400CD5EDB /* Build configuration list for PBXProject "Duck App" */ = {
			isa = XCConfigurationList;
			buildConfigurations = (
				349C1E7C1E4916F500CD5EDB /* Debug */,
				349C1E7D1E4916F500CD5EDB /* Release */,
			);
			defaultConfigurationIsVisible = 0;
			defaultConfigurationName = Release;
		};
		349C1E7E1E4916F500CD5EDB /* Build configuration list for PBXNativeTarget "Duck App" */ = {
			isa = XCConfigurationList;
			buildConfigurations = (
				349C1E7F1E4916F500CD5EDB /* Debug */,
				349C1E801E4916F500CD5EDB /* Release */,
			);
			defaultConfigurationIsVisible = 0;
			defaultConfigurationName = Release;
		};
/* End XCConfigurationList section */
	};
	rootObject = 349C1E641E4916F400CD5EDB /* Project object */;
}
